// !$*UTF8*$!
{
	archiveVersion = 1;
	classes = {
	};
	objectVersion = 51;
	objects = {

/* Begin PBXBuildFile section */
		1144DDC7254B33F700E34515 /* Bindable.swift in Sources */ = {isa = PBXBuildFile; fileRef = 1144DDC6254B33F700E34515 /* Bindable.swift */; };
		114A2B95254EF3960018405B /* SettingsController.swift in Sources */ = {isa = PBXBuildFile; fileRef = 114A2B94254EF3960018405B /* SettingsController.swift */; };
		114C79F32558452800A8ADEE /* SwipingPhotosController.swift in Sources */ = {isa = PBXBuildFile; fileRef = 114C79F22558452800A8ADEE /* SwipingPhotosController.swift */; };
		1153599F25459F880075EB62 /* AppDelegate.swift in Sources */ = {isa = PBXBuildFile; fileRef = 1153599E25459F880075EB62 /* AppDelegate.swift */; };
		115359A325459F880075EB62 /* HomeController.swift in Sources */ = {isa = PBXBuildFile; fileRef = 115359A225459F880075EB62 /* HomeController.swift */; };
		115359A625459F880075EB62 /* Main.storyboard in Resources */ = {isa = PBXBuildFile; fileRef = 115359A425459F880075EB62 /* Main.storyboard */; };
		115359A825459F8A0075EB62 /* Assets.xcassets in Resources */ = {isa = PBXBuildFile; fileRef = 115359A725459F8A0075EB62 /* Assets.xcassets */; };
		115359AB25459F8A0075EB62 /* LaunchScreen.storyboard in Resources */ = {isa = PBXBuildFile; fileRef = 115359A925459F8A0075EB62 /* LaunchScreen.storyboard */; };
		115359BD2545AB8E0075EB62 /* Extensions+UIView.swift in Sources */ = {isa = PBXBuildFile; fileRef = 115359BC2545AB8E0075EB62 /* Extensions+UIView.swift */; };
		115359C32545ADD90075EB62 /* HomeBottomControlsStackView.swift in Sources */ = {isa = PBXBuildFile; fileRef = 115359C22545ADD90075EB62 /* HomeBottomControlsStackView.swift */; };
		115359C82545B2620075EB62 /* TopNavigationStackView.swift in Sources */ = {isa = PBXBuildFile; fileRef = 115359C72545B2620075EB62 /* TopNavigationStackView.swift */; };
		115359CC2545BCCF0075EB62 /* CardView.swift in Sources */ = {isa = PBXBuildFile; fileRef = 115359CB2545BCCF0075EB62 /* CardView.swift */; };
		11552AD025473F4A001916DD /* User.swift in Sources */ = {isa = PBXBuildFile; fileRef = 11552ACF25473F4A001916DD /* User.swift */; };
		11552AD725474CB3001916DD /* CardViewModel.swift in Sources */ = {isa = PBXBuildFile; fileRef = 11552AD625474CB3001916DD /* CardViewModel.swift */; };
		11552ADB2547556F001916DD /* Advertiser.swift in Sources */ = {isa = PBXBuildFile; fileRef = 11552ADA2547556F001916DD /* Advertiser.swift */; };
		11725498255026D000B3A49D /* SettingsCell.swift in Sources */ = {isa = PBXBuildFile; fileRef = 11725497255026D000B3A49D /* SettingsCell.swift */; };
		1172549C255063C000B3A49D /* AgeRangeCell.swift in Sources */ = {isa = PBXBuildFile; fileRef = 1172549B255063C000B3A49D /* AgeRangeCell.swift */; };
		117D4C432555B78E00DAE847 /* UserDetailsController.swift in Sources */ = {isa = PBXBuildFile; fileRef = 117D4C422555B78E00DAE847 /* UserDetailsController.swift */; };
		119FBFAE2552A0DF008E6A07 /* LoginViewModel.swift in Sources */ = {isa = PBXBuildFile; fileRef = 119FBFAD2552A0DF008E6A07 /* LoginViewModel.swift */; };
		119FBFB12552A106008E6A07 /* LoginController.swift in Sources */ = {isa = PBXBuildFile; fileRef = 119FBFB02552A106008E6A07 /* LoginController.swift */; };
		11A7AF212548AC18007C6D2C /* RegistrationController.swift in Sources */ = {isa = PBXBuildFile; fileRef = 11A7AF202548AC18007C6D2C /* RegistrationController.swift */; };
		11A7AF252548B860007C6D2C /* CustomTextField.swift in Sources */ = {isa = PBXBuildFile; fileRef = 11A7AF242548B860007C6D2C /* CustomTextField.swift */; };
		11DB21C32549F21B00ADEF3E /* RegistrationViewModel.swift in Sources */ = {isa = PBXBuildFile; fileRef = 11DB21C22549F21B00ADEF3E /* RegistrationViewModel.swift */; };
		11DB21DF254A01BC00ADEF3E /* GoogleService-Info.plist in Resources */ = {isa = PBXBuildFile; fileRef = 11DB21DE254A01BC00ADEF3E /* GoogleService-Info.plist */; };
		89F4B069B153240DF6B813A5 /* Pods_SwipeMatch.framework in Frameworks */ = {isa = PBXBuildFile; fileRef = CB955CAB02D19CEDD13A5EE0 /* Pods_SwipeMatch.framework */; };
/* End PBXBuildFile section */

/* Begin PBXFileReference section */
		1144DDC6254B33F700E34515 /* Bindable.swift */ = {isa = PBXFileReference; lastKnownFileType = sourcecode.swift; path = Bindable.swift; sourceTree = "<group>"; };
		114A2B94254EF3960018405B /* SettingsController.swift */ = {isa = PBXFileReference; lastKnownFileType = sourcecode.swift; path = SettingsController.swift; sourceTree = "<group>"; };
		114C79F22558452800A8ADEE /* SwipingPhotosController.swift */ = {isa = PBXFileReference; lastKnownFileType = sourcecode.swift; path = SwipingPhotosController.swift; sourceTree = "<group>"; };
		1153599B25459F880075EB62 /* SwipeMatch.app */ = {isa = PBXFileReference; explicitFileType = wrapper.application; includeInIndex = 0; path = SwipeMatch.app; sourceTree = BUILT_PRODUCTS_DIR; };
		1153599E25459F880075EB62 /* AppDelegate.swift */ = {isa = PBXFileReference; lastKnownFileType = sourcecode.swift; path = AppDelegate.swift; sourceTree = "<group>"; };
		115359A225459F880075EB62 /* HomeController.swift */ = {isa = PBXFileReference; lastKnownFileType = sourcecode.swift; path = HomeController.swift; sourceTree = "<group>"; };
		115359A525459F880075EB62 /* Base */ = {isa = PBXFileReference; lastKnownFileType = file.storyboard; name = Base; path = Base.lproj/Main.storyboard; sourceTree = "<group>"; };
		115359A725459F8A0075EB62 /* Assets.xcassets */ = {isa = PBXFileReference; lastKnownFileType = folder.assetcatalog; path = Assets.xcassets; sourceTree = "<group>"; };
		115359AA25459F8A0075EB62 /* Base */ = {isa = PBXFileReference; lastKnownFileType = file.storyboard; name = Base; path = Base.lproj/LaunchScreen.storyboard; sourceTree = "<group>"; };
		115359AC25459F8A0075EB62 /* Info.plist */ = {isa = PBXFileReference; lastKnownFileType = text.plist.xml; path = Info.plist; sourceTree = "<group>"; };
		115359BC2545AB8E0075EB62 /* Extensions+UIView.swift */ = {isa = PBXFileReference; lastKnownFileType = sourcecode.swift; path = "Extensions+UIView.swift"; sourceTree = "<group>"; };
		115359C22545ADD90075EB62 /* HomeBottomControlsStackView.swift */ = {isa = PBXFileReference; lastKnownFileType = sourcecode.swift; path = HomeBottomControlsStackView.swift; sourceTree = "<group>"; };
		115359C72545B2620075EB62 /* TopNavigationStackView.swift */ = {isa = PBXFileReference; lastKnownFileType = sourcecode.swift; path = TopNavigationStackView.swift; sourceTree = "<group>"; };
		115359CB2545BCCF0075EB62 /* CardView.swift */ = {isa = PBXFileReference; lastKnownFileType = sourcecode.swift; path = CardView.swift; sourceTree = "<group>"; };
		11552ACF25473F4A001916DD /* User.swift */ = {isa = PBXFileReference; lastKnownFileType = sourcecode.swift; path = User.swift; sourceTree = "<group>"; };
		11552AD625474CB3001916DD /* CardViewModel.swift */ = {isa = PBXFileReference; lastKnownFileType = sourcecode.swift; path = CardViewModel.swift; sourceTree = "<group>"; };
		11552ADA2547556F001916DD /* Advertiser.swift */ = {isa = PBXFileReference; lastKnownFileType = sourcecode.swift; path = Advertiser.swift; sourceTree = "<group>"; };
		11725497255026D000B3A49D /* SettingsCell.swift */ = {isa = PBXFileReference; lastKnownFileType = sourcecode.swift; path = SettingsCell.swift; sourceTree = "<group>"; };
		1172549B255063C000B3A49D /* AgeRangeCell.swift */ = {isa = PBXFileReference; lastKnownFileType = sourcecode.swift; path = AgeRangeCell.swift; sourceTree = "<group>"; };
		117D4C422555B78E00DAE847 /* UserDetailsController.swift */ = {isa = PBXFileReference; lastKnownFileType = sourcecode.swift; path = UserDetailsController.swift; sourceTree = "<group>"; };
		119FBFAD2552A0DF008E6A07 /* LoginViewModel.swift */ = {isa = PBXFileReference; lastKnownFileType = sourcecode.swift; path = LoginViewModel.swift; sourceTree = "<group>"; };
		119FBFB02552A106008E6A07 /* LoginController.swift */ = {isa = PBXFileReference; lastKnownFileType = sourcecode.swift; path = LoginController.swift; sourceTree = "<group>"; };
		11A7AF202548AC18007C6D2C /* RegistrationController.swift */ = {isa = PBXFileReference; lastKnownFileType = sourcecode.swift; path = RegistrationController.swift; sourceTree = "<group>"; };
		11A7AF242548B860007C6D2C /* CustomTextField.swift */ = {isa = PBXFileReference; lastKnownFileType = sourcecode.swift; path = CustomTextField.swift; sourceTree = "<group>"; };
		11DB21C22549F21B00ADEF3E /* RegistrationViewModel.swift */ = {isa = PBXFileReference; lastKnownFileType = sourcecode.swift; path = RegistrationViewModel.swift; sourceTree = "<group>"; };
		11DB21DE254A01BC00ADEF3E /* GoogleService-Info.plist */ = {isa = PBXFileReference; fileEncoding = 4; lastKnownFileType = text.plist.xml; path = "GoogleService-Info.plist"; sourceTree = "<group>"; };
		13D22F0B6E82E46B670FEA2B /* Pods-SwipeMatch.debug.xcconfig */ = {isa = PBXFileReference; includeInIndex = 1; lastKnownFileType = text.xcconfig; name = "Pods-SwipeMatch.debug.xcconfig"; path = "Target Support Files/Pods-SwipeMatch/Pods-SwipeMatch.debug.xcconfig"; sourceTree = "<group>"; };
		4F3FA16BE06CF1D1CBC0B036 /* Pods-SwipeMatch.release.xcconfig */ = {isa = PBXFileReference; includeInIndex = 1; lastKnownFileType = text.xcconfig; name = "Pods-SwipeMatch.release.xcconfig"; path = "Target Support Files/Pods-SwipeMatch/Pods-SwipeMatch.release.xcconfig"; sourceTree = "<group>"; };
		CB955CAB02D19CEDD13A5EE0 /* Pods_SwipeMatch.framework */ = {isa = PBXFileReference; explicitFileType = wrapper.framework; includeInIndex = 0; path = Pods_SwipeMatch.framework; sourceTree = BUILT_PRODUCTS_DIR; };
/* End PBXFileReference section */

/* Begin PBXFrameworksBuildPhase section */
		1153599825459F880075EB62 /* Frameworks */ = {
			isa = PBXFrameworksBuildPhase;
			buildActionMask = 2147483647;
			files = (
				89F4B069B153240DF6B813A5 /* Pods_SwipeMatch.framework in Frameworks */,
			);
			runOnlyForDeploymentPostprocessing = 0;
		};
/* End PBXFrameworksBuildPhase section */

/* Begin PBXGroup section */
		0E128C00FE9C58ADD9901546 /* Frameworks */ = {
			isa = PBXGroup;
			children = (
				CB955CAB02D19CEDD13A5EE0 /* Pods_SwipeMatch.framework */,
			);
			name = Frameworks;
			sourceTree = "<group>";
		};
		1153599225459F880075EB62 = {
			isa = PBXGroup;
			children = (
				1153599D25459F880075EB62 /* SwipeMatch */,
				1153599C25459F880075EB62 /* Products */,
				0E128C00FE9C58ADD9901546 /* Frameworks */,
				FE9904B122D980EC575BF34D /* Pods */,
			);
			sourceTree = "<group>";
		};
		1153599C25459F880075EB62 /* Products */ = {
			isa = PBXGroup;
			children = (
				1153599B25459F880075EB62 /* SwipeMatch.app */,
			);
			name = Products;
			sourceTree = "<group>";
		};
		1153599D25459F880075EB62 /* SwipeMatch */ = {
			isa = PBXGroup;
			children = (
				11552AD525474C98001916DD /* ViewModels */,
				11552ACE25473F38001916DD /* Model */,
				115359C12545AD8B0075EB62 /* Views */,
				11552AD325474C33001916DD /* Controllers */,
				115359B42545A1920075EB62 /* Extensions */,
				1153599E25459F880075EB62 /* AppDelegate.swift */,
				115359A425459F880075EB62 /* Main.storyboard */,
				115359A725459F8A0075EB62 /* Assets.xcassets */,
				115359A925459F8A0075EB62 /* LaunchScreen.storyboard */,
				115359AC25459F8A0075EB62 /* Info.plist */,
				11DB21DE254A01BC00ADEF3E /* GoogleService-Info.plist */,
			);
			path = SwipeMatch;
			sourceTree = "<group>";
		};
		115359B42545A1920075EB62 /* Extensions */ = {
			isa = PBXGroup;
			children = (
				115359BC2545AB8E0075EB62 /* Extensions+UIView.swift */,
			);
			path = Extensions;
			sourceTree = "<group>";
		};
		115359C12545AD8B0075EB62 /* Views */ = {
			isa = PBXGroup;
			children = (
				115359C22545ADD90075EB62 /* HomeBottomControlsStackView.swift */,
				115359C72545B2620075EB62 /* TopNavigationStackView.swift */,
				115359CB2545BCCF0075EB62 /* CardView.swift */,
				11A7AF242548B860007C6D2C /* CustomTextField.swift */,
				11725497255026D000B3A49D /* SettingsCell.swift */,
				1172549B255063C000B3A49D /* AgeRangeCell.swift */,
			);
			path = Views;
			sourceTree = "<group>";
		};
		11552ACE25473F38001916DD /* Model */ = {
			isa = PBXGroup;
			children = (
				11552ACF25473F4A001916DD /* User.swift */,
				11552ADA2547556F001916DD /* Advertiser.swift */,
			);
			path = Model;
			sourceTree = "<group>";
		};
		11552AD325474C33001916DD /* Controllers */ = {
			isa = PBXGroup;
			children = (
				11A7AF202548AC18007C6D2C /* RegistrationController.swift */,
				119FBFB02552A106008E6A07 /* LoginController.swift */,
				115359A225459F880075EB62 /* HomeController.swift */,
				114A2B94254EF3960018405B /* SettingsController.swift */,
				117D4C422555B78E00DAE847 /* UserDetailsController.swift */,
				114C79F22558452800A8ADEE /* SwipingPhotosController.swift */,
				1144DDC6254B33F700E34515 /* Bindable.swift */,
			);
			path = Controllers;
			sourceTree = "<group>";
		};
		11552AD525474C98001916DD /* ViewModels */ = {
			isa = PBXGroup;
			children = (
				119FBFAD2552A0DF008E6A07 /* LoginViewModel.swift */,
				11DB21C22549F21B00ADEF3E /* RegistrationViewModel.swift */,
				11552AD625474CB3001916DD /* CardViewModel.swift */,
			);
			path = ViewModels;
			sourceTree = "<group>";
		};
		FE9904B122D980EC575BF34D /* Pods */ = {
			isa = PBXGroup;
			children = (
				13D22F0B6E82E46B670FEA2B /* Pods-SwipeMatch.debug.xcconfig */,
				4F3FA16BE06CF1D1CBC0B036 /* Pods-SwipeMatch.release.xcconfig */,
			);
			path = Pods;
			sourceTree = "<group>";
		};
/* End PBXGroup section */

/* Begin PBXNativeTarget section */
		1153599A25459F880075EB62 /* SwipeMatch */ = {
			isa = PBXNativeTarget;
			buildConfigurationList = 115359AF25459F8A0075EB62 /* Build configuration list for PBXNativeTarget "SwipeMatch" */;
			buildPhases = (
				B1C70B97F05177FCF4525B64 /* [CP] Check Pods Manifest.lock */,
				1153599725459F880075EB62 /* Sources */,
				1153599825459F880075EB62 /* Frameworks */,
				1153599925459F880075EB62 /* Resources */,
				985CF5CB794270B46B850C7A /* [CP] Embed Pods Frameworks */,
			);
			buildRules = (
			);
			dependencies = (
			);
			name = SwipeMatch;
			productName = SwipeMatch;
			productReference = 1153599B25459F880075EB62 /* SwipeMatch.app */;
			productType = "com.apple.product-type.application";
		};
/* End PBXNativeTarget section */

/* Begin PBXProject section */
		1153599325459F880075EB62 /* Project object */ = {
			isa = PBXProject;
			attributes = {
				LastSwiftUpdateCheck = 1210;
				LastUpgradeCheck = 1210;
				TargetAttributes = {
					1153599A25459F880075EB62 = {
						CreatedOnToolsVersion = 12.1;
					};
				};
			};
			buildConfigurationList = 1153599625459F880075EB62 /* Build configuration list for PBXProject "SwipeMatch" */;
			compatibilityVersion = "Xcode 9.3";
			developmentRegion = en;
			hasScannedForEncodings = 0;
			knownRegions = (
				en,
				Base,
			);
			mainGroup = 1153599225459F880075EB62;
			productRefGroup = 1153599C25459F880075EB62 /* Products */;
			projectDirPath = "";
			projectRoot = "";
			targets = (
				1153599A25459F880075EB62 /* SwipeMatch */,
			);
		};
/* End PBXProject section */

/* Begin PBXResourcesBuildPhase section */
		1153599925459F880075EB62 /* Resources */ = {
			isa = PBXResourcesBuildPhase;
			buildActionMask = 2147483647;
			files = (
				115359AB25459F8A0075EB62 /* LaunchScreen.storyboard in Resources */,
				115359A825459F8A0075EB62 /* Assets.xcassets in Resources */,
				11DB21DF254A01BC00ADEF3E /* GoogleService-Info.plist in Resources */,
				115359A625459F880075EB62 /* Main.storyboard in Resources */,
			);
			runOnlyForDeploymentPostprocessing = 0;
		};
/* End PBXResourcesBuildPhase section */

/* Begin PBXShellScriptBuildPhase section */
		985CF5CB794270B46B850C7A /* [CP] Embed Pods Frameworks */ = {
			isa = PBXShellScriptBuildPhase;
			buildActionMask = 2147483647;
			files = (
			);
			inputFileListPaths = (
				"${PODS_ROOT}/Target Support Files/Pods-SwipeMatch/Pods-SwipeMatch-frameworks-${CONFIGURATION}-input-files.xcfilelist",
			);
			name = "[CP] Embed Pods Frameworks";
			outputFileListPaths = (
				"${PODS_ROOT}/Target Support Files/Pods-SwipeMatch/Pods-SwipeMatch-frameworks-${CONFIGURATION}-output-files.xcfilelist",
			);
			runOnlyForDeploymentPostprocessing = 0;
			shellPath = /bin/sh;
			shellScript = "\"${PODS_ROOT}/Target Support Files/Pods-SwipeMatch/Pods-SwipeMatch-frameworks.sh\"\n";
			showEnvVarsInLog = 0;
		};
		B1C70B97F05177FCF4525B64 /* [CP] Check Pods Manifest.lock */ = {
			isa = PBXShellScriptBuildPhase;
			buildActionMask = 2147483647;
			files = (
			);
			inputFileListPaths = (
			);
			inputPaths = (
				"${PODS_PODFILE_DIR_PATH}/Podfile.lock",
				"${PODS_ROOT}/Manifest.lock",
			);
			name = "[CP] Check Pods Manifest.lock";
			outputFileListPaths = (
			);
			outputPaths = (
				"$(DERIVED_FILE_DIR)/Pods-SwipeMatch-checkManifestLockResult.txt",
			);
			runOnlyForDeploymentPostprocessing = 0;
			shellPath = /bin/sh;
			shellScript = "diff \"${PODS_PODFILE_DIR_PATH}/Podfile.lock\" \"${PODS_ROOT}/Manifest.lock\" > /dev/null\nif [ $? != 0 ] ; then\n    # print error to STDERR\n    echo \"error: The sandbox is not in sync with the Podfile.lock. Run 'pod install' or update your CocoaPods installation.\" >&2\n    exit 1\nfi\n# This output is used by Xcode 'outputs' to avoid re-running this script phase.\necho \"SUCCESS\" > \"${SCRIPT_OUTPUT_FILE_0}\"\n";
			showEnvVarsInLog = 0;
		};
/* End PBXShellScriptBuildPhase section */

/* Begin PBXSourcesBuildPhase section */
		1153599725459F880075EB62 /* Sources */ = {
			isa = PBXSourcesBuildPhase;
			buildActionMask = 2147483647;
			files = (
				117D4C432555B78E00DAE847 /* UserDetailsController.swift in Sources */,
				115359BD2545AB8E0075EB62 /* Extensions+UIView.swift in Sources */,
				115359C32545ADD90075EB62 /* HomeBottomControlsStackView.swift in Sources */,
				11552ADB2547556F001916DD /* Advertiser.swift in Sources */,
				115359C82545B2620075EB62 /* TopNavigationStackView.swift in Sources */,
				1172549C255063C000B3A49D /* AgeRangeCell.swift in Sources */,
				11552AD725474CB3001916DD /* CardViewModel.swift in Sources */,
				114A2B95254EF3960018405B /* SettingsController.swift in Sources */,
				114C79F32558452800A8ADEE /* SwipingPhotosController.swift in Sources */,
				115359A325459F880075EB62 /* HomeController.swift in Sources */,
				11552AD025473F4A001916DD /* User.swift in Sources */,
				1144DDC7254B33F700E34515 /* Bindable.swift in Sources */,
				119FBFAE2552A0DF008E6A07 /* LoginViewModel.swift in Sources */,
				11A7AF252548B860007C6D2C /* CustomTextField.swift in Sources */,
				11DB21C32549F21B00ADEF3E /* RegistrationViewModel.swift in Sources */,
				119FBFB12552A106008E6A07 /* LoginController.swift in Sources */,
				1153599F25459F880075EB62 /* AppDelegate.swift in Sources */,
				115359CC2545BCCF0075EB62 /* CardView.swift in Sources */,
				11725498255026D000B3A49D /* SettingsCell.swift in Sources */,
				11A7AF212548AC18007C6D2C /* RegistrationController.swift in Sources */,
			);
			runOnlyForDeploymentPostprocessing = 0;
		};
/* End PBXSourcesBuildPhase section */

/* Begin PBXVariantGroup section */
		115359A425459F880075EB62 /* Main.storyboard */ = {
			isa = PBXVariantGroup;
			children = (
				115359A525459F880075EB62 /* Base */,
			);
			name = Main.storyboard;
			sourceTree = "<group>";
		};
		115359A925459F8A0075EB62 /* LaunchScreen.storyboard */ = {
			isa = PBXVariantGroup;
			children = (
				115359AA25459F8A0075EB62 /* Base */,
			);
			name = LaunchScreen.storyboard;
			sourceTree = "<group>";
		};
/* End PBXVariantGroup section */

/* Begin XCBuildConfiguration section */
		115359AD25459F8A0075EB62 /* Debug */ = {
			isa = XCBuildConfiguration;
			buildSettings = {
				ALWAYS_SEARCH_USER_PATHS = NO;
				CLANG_ANALYZER_NONNULL = YES;
				CLANG_ANALYZER_NUMBER_OBJECT_CONVERSION = YES_AGGRESSIVE;
				CLANG_CXX_LANGUAGE_STANDARD = "gnu++14";
				CLANG_CXX_LIBRARY = "libc++";
				CLANG_ENABLE_MODULES = YES;
				CLANG_ENABLE_OBJC_ARC = YES;
				CLANG_ENABLE_OBJC_WEAK = YES;
				CLANG_WARN_BLOCK_CAPTURE_AUTORELEASING = YES;
				CLANG_WARN_BOOL_CONVERSION = YES;
				CLANG_WARN_COMMA = YES;
				CLANG_WARN_CONSTANT_CONVERSION = YES;
				CLANG_WARN_DEPRECATED_OBJC_IMPLEMENTATIONS = YES;
				CLANG_WARN_DIRECT_OBJC_ISA_USAGE = YES_ERROR;
				CLANG_WARN_DOCUMENTATION_COMMENTS = YES;
				CLANG_WARN_EMPTY_BODY = YES;
				CLANG_WARN_ENUM_CONVERSION = YES;
				CLANG_WARN_INFINITE_RECURSION = YES;
				CLANG_WARN_INT_CONVERSION = YES;
				CLANG_WARN_NON_LITERAL_NULL_CONVERSION = YES;
				CLANG_WARN_OBJC_IMPLICIT_RETAIN_SELF = YES;
				CLANG_WARN_OBJC_LITERAL_CONVERSION = YES;
				CLANG_WARN_OBJC_ROOT_CLASS = YES_ERROR;
				CLANG_WARN_QUOTED_INCLUDE_IN_FRAMEWORK_HEADER = YES;
				CLANG_WARN_RANGE_LOOP_ANALYSIS = YES;
				CLANG_WARN_STRICT_PROTOTYPES = YES;
				CLANG_WARN_SUSPICIOUS_MOVE = YES;
				CLANG_WARN_UNGUARDED_AVAILABILITY = YES_AGGRESSIVE;
				CLANG_WARN_UNREACHABLE_CODE = YES;
				CLANG_WARN__DUPLICATE_METHOD_MATCH = YES;
				COPY_PHASE_STRIP = NO;
				DEBUG_INFORMATION_FORMAT = dwarf;
				ENABLE_STRICT_OBJC_MSGSEND = YES;
				ENABLE_TESTABILITY = YES;
				GCC_C_LANGUAGE_STANDARD = gnu11;
				GCC_DYNAMIC_NO_PIC = NO;
				GCC_NO_COMMON_BLOCKS = YES;
				GCC_OPTIMIZATION_LEVEL = 0;
				GCC_PREPROCESSOR_DEFINITIONS = (
					"DEBUG=1",
					"$(inherited)",
				);
				GCC_WARN_64_TO_32_BIT_CONVERSION = YES;
				GCC_WARN_ABOUT_RETURN_TYPE = YES_ERROR;
				GCC_WARN_UNDECLARED_SELECTOR = YES;
				GCC_WARN_UNINITIALIZED_AUTOS = YES_AGGRESSIVE;
				GCC_WARN_UNUSED_FUNCTION = YES;
				GCC_WARN_UNUSED_VARIABLE = YES;
				IPHONEOS_DEPLOYMENT_TARGET = 14.1;
				MTL_ENABLE_DEBUG_INFO = INCLUDE_SOURCE;
				MTL_FAST_MATH = YES;
				ONLY_ACTIVE_ARCH = YES;
				SDKROOT = iphoneos;
				SWIFT_ACTIVE_COMPILATION_CONDITIONS = DEBUG;
				SWIFT_OPTIMIZATION_LEVEL = "-Onone";
			};
			name = Debug;
		};
		115359AE25459F8A0075EB62 /* Release */ = {
			isa = XCBuildConfiguration;
			buildSettings = {
				ALWAYS_SEARCH_USER_PATHS = NO;
				CLANG_ANALYZER_NONNULL = YES;
				CLANG_ANALYZER_NUMBER_OBJECT_CONVERSION = YES_AGGRESSIVE;
				CLANG_CXX_LANGUAGE_STANDARD = "gnu++14";
				CLANG_CXX_LIBRARY = "libc++";
				CLANG_ENABLE_MODULES = YES;
				CLANG_ENABLE_OBJC_ARC = YES;
				CLANG_ENABLE_OBJC_WEAK = YES;
				CLANG_WARN_BLOCK_CAPTURE_AUTORELEASING = YES;
				CLANG_WARN_BOOL_CONVERSION = YES;
				CLANG_WARN_COMMA = YES;
				CLANG_WARN_CONSTANT_CONVERSION = YES;
				CLANG_WARN_DEPRECATED_OBJC_IMPLEMENTATIONS = YES;
				CLANG_WARN_DIRECT_OBJC_ISA_USAGE = YES_ERROR;
				CLANG_WARN_DOCUMENTATION_COMMENTS = YES;
				CLANG_WARN_EMPTY_BODY = YES;
				CLANG_WARN_ENUM_CONVERSION = YES;
				CLANG_WARN_INFINITE_RECURSION = YES;
				CLANG_WARN_INT_CONVERSION = YES;
				CLANG_WARN_NON_LITERAL_NULL_CONVERSION = YES;
				CLANG_WARN_OBJC_IMPLICIT_RETAIN_SELF = YES;
				CLANG_WARN_OBJC_LITERAL_CONVERSION = YES;
				CLANG_WARN_OBJC_ROOT_CLASS = YES_ERROR;
				CLANG_WARN_QUOTED_INCLUDE_IN_FRAMEWORK_HEADER = YES;
				CLANG_WARN_RANGE_LOOP_ANALYSIS = YES;
				CLANG_WARN_STRICT_PROTOTYPES = YES;
				CLANG_WARN_SUSPICIOUS_MOVE = YES;
				CLANG_WARN_UNGUARDED_AVAILABILITY = YES_AGGRESSIVE;
				CLANG_WARN_UNREACHABLE_CODE = YES;
				CLANG_WARN__DUPLICATE_METHOD_MATCH = YES;
				COPY_PHASE_STRIP = NO;
				DEBUG_INFORMATION_FORMAT = "dwarf-with-dsym";
				ENABLE_NS_ASSERTIONS = NO;
				ENABLE_STRICT_OBJC_MSGSEND = YES;
				GCC_C_LANGUAGE_STANDARD = gnu11;
				GCC_NO_COMMON_BLOCKS = YES;
				GCC_WARN_64_TO_32_BIT_CONVERSION = YES;
				GCC_WARN_ABOUT_RETURN_TYPE = YES_ERROR;
				GCC_WARN_UNDECLARED_SELECTOR = YES;
				GCC_WARN_UNINITIALIZED_AUTOS = YES_AGGRESSIVE;
				GCC_WARN_UNUSED_FUNCTION = YES;
				GCC_WARN_UNUSED_VARIABLE = YES;
				IPHONEOS_DEPLOYMENT_TARGET = 14.1;
				MTL_ENABLE_DEBUG_INFO = NO;
				MTL_FAST_MATH = YES;
				SDKROOT = iphoneos;
				SWIFT_COMPILATION_MODE = wholemodule;
				SWIFT_OPTIMIZATION_LEVEL = "-O";
				VALIDATE_PRODUCT = YES;
			};
			name = Release;
		};
		115359B025459F8A0075EB62 /* Debug */ = {
			isa = XCBuildConfiguration;
			baseConfigurationReference = 13D22F0B6E82E46B670FEA2B /* Pods-SwipeMatch.debug.xcconfig */;
			buildSettings = {
				ASSETCATALOG_COMPILER_APPICON_NAME = AppIcon;
				ASSETCATALOG_COMPILER_GLOBAL_ACCENT_COLOR_NAME = AccentColor;
				CODE_SIGN_STYLE = Automatic;
				DEVELOPMENT_TEAM = MQG28G6TA5;
				INFOPLIST_FILE = SwipeMatch/Info.plist;
				IPHONEOS_DEPLOYMENT_TARGET = 12.2;
				LD_RUNPATH_SEARCH_PATHS = (
					"$(inherited)",
					"@executable_path/Frameworks",
				);
				PRODUCT_BUNDLE_IDENTIFIER = com.bannokot.SwipeMatch;
				PRODUCT_NAME = "$(TARGET_NAME)";
				SWIFT_VERSION = 5.0;
				TARGETED_DEVICE_FAMILY = 1;
			};
			name = Debug;
		};
		115359B125459F8A0075EB62 /* Release */ = {
			isa = XCBuildConfiguration;
			baseConfigurationReference = 4F3FA16BE06CF1D1CBC0B036 /* Pods-SwipeMatch.release.xcconfig */;
			buildSettings = {
				ASSETCATALOG_COMPILER_APPICON_NAME = AppIcon;
				ASSETCATALOG_COMPILER_GLOBAL_ACCENT_COLOR_NAME = AccentColor;
				CODE_SIGN_STYLE = Automatic;
				DEVELOPMENT_TEAM = MQG28G6TA5;
				INFOPLIST_FILE = SwipeMatch/Info.plist;
				IPHONEOS_DEPLOYMENT_TARGET = 12.2;
				LD_RUNPATH_SEARCH_PATHS = (
					"$(inherited)",
					"@executable_path/Frameworks",
				);
				PRODUCT_BUNDLE_IDENTIFIER = com.bannokot.SwipeMatch;
				PRODUCT_NAME = "$(TARGET_NAME)";
				SWIFT_VERSION = 5.0;
				TARGETED_DEVICE_FAMILY = 1;
			};
			name = Release;
		};
/* End XCBuildConfiguration section */

/* Begin XCConfigurationList section */
		1153599625459F880075EB62 /* Build configuration list for PBXProject "SwipeMatch" */ = {
			isa = XCConfigurationList;
			buildConfigurations = (
				115359AD25459F8A0075EB62 /* Debug */,
				115359AE25459F8A0075EB62 /* Release */,
			);
			defaultConfigurationIsVisible = 0;
			defaultConfigurationName = Release;
		};
		115359AF25459F8A0075EB62 /* Build configuration list for PBXNativeTarget "SwipeMatch" */ = {
			isa = XCConfigurationList;
			buildConfigurations = (
				115359B025459F8A0075EB62 /* Debug */,
				115359B125459F8A0075EB62 /* Release */,
			);
			defaultConfigurationIsVisible = 0;
			defaultConfigurationName = Release;
		};
/* End XCConfigurationList section */
	};
	rootObject = 1153599325459F880075EB62 /* Project object */;
}
