// !$*UTF8*$!
{
	archiveVersion = 1;
	classes = {
	};
	objectVersion = 50;
	objects = {

/* Begin PBXBuildFile section */
		1153599F25459F880075EB62 /* AppDelegate.swift in Sources */ = {isa = PBXBuildFile; fileRef = 1153599E25459F880075EB62 /* AppDelegate.swift */; };
		115359A125459F880075EB62 /* SceneDelegate.swift in Sources */ = {isa = PBXBuildFile; fileRef = 115359A025459F880075EB62 /* SceneDelegate.swift */; };
		115359A325459F880075EB62 /* ViewController.swift in Sources */ = {isa = PBXBuildFile; fileRef = 115359A225459F880075EB62 /* ViewController.swift */; };
		115359A625459F880075EB62 /* Main.storyboard in Resources */ = {isa = PBXBuildFile; fileRef = 115359A425459F880075EB62 /* Main.storyboard */; };
		115359A825459F8A0075EB62 /* Assets.xcassets in Resources */ = {isa = PBXBuildFile; fileRef = 115359A725459F8A0075EB62 /* Assets.xcassets */; };
		115359AB25459F8A0075EB62 /* LaunchScreen.storyboard in Resources */ = {isa = PBXBuildFile; fileRef = 115359A925459F8A0075EB62 /* LaunchScreen.storyboard */; };
		115359B82545A2D80075EB62 /* Firebase+Utils.swift in Sources */ = {isa = PBXBuildFile; fileRef = 115359B62545A2D80075EB62 /* Firebase+Utils.swift */; };
		115359BD2545AB8E0075EB62 /* Extensions+UIView.swift in Sources */ = {isa = PBXBuildFile; fileRef = 115359BC2545AB8E0075EB62 /* Extensions+UIView.swift */; };
		115359C32545ADD90075EB62 /* HomeBottomControlsStackView.swift in Sources */ = {isa = PBXBuildFile; fileRef = 115359C22545ADD90075EB62 /* HomeBottomControlsStackView.swift */; };
		115359C82545B2620075EB62 /* TopNavigationStackView.swift in Sources */ = {isa = PBXBuildFile; fileRef = 115359C72545B2620075EB62 /* TopNavigationStackView.swift */; };
		115359CC2545BCCF0075EB62 /* CardView.swift in Sources */ = {isa = PBXBuildFile; fileRef = 115359CB2545BCCF0075EB62 /* CardView.swift */; };
/* End PBXBuildFile section */

/* Begin PBXFileReference section */
		1153599B25459F880075EB62 /* SwipeMatch.app */ = {isa = PBXFileReference; explicitFileType = wrapper.application; includeInIndex = 0; path = SwipeMatch.app; sourceTree = BUILT_PRODUCTS_DIR; };
		1153599E25459F880075EB62 /* AppDelegate.swift */ = {isa = PBXFileReference; lastKnownFileType = sourcecode.swift; path = AppDelegate.swift; sourceTree = "<group>"; };
		115359A025459F880075EB62 /* SceneDelegate.swift */ = {isa = PBXFileReference; lastKnownFileType = sourcecode.swift; path = SceneDelegate.swift; sourceTree = "<group>"; };
		115359A225459F880075EB62 /* ViewController.swift */ = {isa = PBXFileReference; lastKnownFileType = sourcecode.swift; path = ViewController.swift; sourceTree = "<group>"; };
		115359A525459F880075EB62 /* Base */ = {isa = PBXFileReference; lastKnownFileType = file.storyboard; name = Base; path = Base.lproj/Main.storyboard; sourceTree = "<group>"; };
		115359A725459F8A0075EB62 /* Assets.xcassets */ = {isa = PBXFileReference; lastKnownFileType = folder.assetcatalog; path = Assets.xcassets; sourceTree = "<group>"; };
		115359AA25459F8A0075EB62 /* Base */ = {isa = PBXFileReference; lastKnownFileType = file.storyboard; name = Base; path = Base.lproj/LaunchScreen.storyboard; sourceTree = "<group>"; };
		115359AC25459F8A0075EB62 /* Info.plist */ = {isa = PBXFileReference; lastKnownFileType = text.plist.xml; path = Info.plist; sourceTree = "<group>"; };
		115359B62545A2D80075EB62 /* Firebase+Utils.swift */ = {isa = PBXFileReference; fileEncoding = 4; lastKnownFileType = sourcecode.swift; path = "Firebase+Utils.swift"; sourceTree = "<group>"; };
		115359BC2545AB8E0075EB62 /* Extensions+UIView.swift */ = {isa = PBXFileReference; lastKnownFileType = sourcecode.swift; path = "Extensions+UIView.swift"; sourceTree = "<group>"; };
		115359C22545ADD90075EB62 /* HomeBottomControlsStackView.swift */ = {isa = PBXFileReference; lastKnownFileType = sourcecode.swift; path = HomeBottomControlsStackView.swift; sourceTree = "<group>"; };
		115359C72545B2620075EB62 /* TopNavigationStackView.swift */ = {isa = PBXFileReference; lastKnownFileType = sourcecode.swift; path = TopNavigationStackView.swift; sourceTree = "<group>"; };
		115359CB2545BCCF0075EB62 /* CardView.swift */ = {isa = PBXFileReference; lastKnownFileType = sourcecode.swift; path = CardView.swift; sourceTree = "<group>"; };
/* End PBXFileReference section */

/* Begin PBXFrameworksBuildPhase section */
		1153599825459F880075EB62 /* Frameworks */ = {
			isa = PBXFrameworksBuildPhase;
			buildActionMask = 2147483647;
			files = (
			);
			runOnlyForDeploymentPostprocessing = 0;
		};
/* End PBXFrameworksBuildPhase section */

/* Begin PBXGroup section */
		1153599225459F880075EB62 = {
			isa = PBXGroup;
			children = (
				1153599D25459F880075EB62 /* SwipeMatch */,
				1153599C25459F880075EB62 /* Products */,
			);
			sourceTree = "<group>";
		};
		1153599C25459F880075EB62 /* Products */ = {
			isa = PBXGroup;
			children = (
				1153599B25459F880075EB62 /* SwipeMatch.app */,
			);
			name = Products;
			sourceTree = "<group>";
		};
		1153599D25459F880075EB62 /* SwipeMatch */ = {
			isa = PBXGroup;
			children = (
				115359C12545AD8B0075EB62 /* Views */,
				115359B42545A1920075EB62 /* Extensions */,
				1153599E25459F880075EB62 /* AppDelegate.swift */,
				115359A025459F880075EB62 /* SceneDelegate.swift */,
				115359A225459F880075EB62 /* ViewController.swift */,
				115359A425459F880075EB62 /* Main.storyboard */,
				115359A725459F8A0075EB62 /* Assets.xcassets */,
				115359A925459F8A0075EB62 /* LaunchScreen.storyboard */,
				115359AC25459F8A0075EB62 /* Info.plist */,
			);
			path = SwipeMatch;
			sourceTree = "<group>";
		};
		115359B42545A1920075EB62 /* Extensions */ = {
			isa = PBXGroup;
			children = (
				115359BC2545AB8E0075EB62 /* Extensions+UIView.swift */,
				115359B62545A2D80075EB62 /* Firebase+Utils.swift */,
			);
			path = Extensions;
			sourceTree = "<group>";
		};
		115359C12545AD8B0075EB62 /* Views */ = {
			isa = PBXGroup;
			children = (
				115359C22545ADD90075EB62 /* HomeBottomControlsStackView.swift */,
				115359C72545B2620075EB62 /* TopNavigationStackView.swift */,
				115359CB2545BCCF0075EB62 /* CardView.swift */,
			);
			path = Views;
			sourceTree = "<group>";
		};
/* End PBXGroup section */

/* Begin PBXNativeTarget section */
		1153599A25459F880075EB62 /* SwipeMatch */ = {
			isa = PBXNativeTarget;
			buildConfigurationList = 115359AF25459F8A0075EB62 /* Build configuration list for PBXNativeTarget "SwipeMatch" */;
			buildPhases = (
				1153599725459F880075EB62 /* Sources */,
				1153599825459F880075EB62 /* Frameworks */,
				1153599925459F880075EB62 /* Resources */,
			);
			buildRules = (
			);
			dependencies = (
			);
			name = SwipeMatch;
			productName = SwipeMatch;
			productReference = 1153599B25459F880075EB62 /* SwipeMatch.app */;
			productType = "com.apple.product-type.application";
		};
/* End PBXNativeTarget section */

/* Begin PBXProject section */
		1153599325459F880075EB62 /* Project object */ = {
			isa = PBXProject;
			attributes = {
				LastSwiftUpdateCheck = 1210;
				LastUpgradeCheck = 1210;
				TargetAttributes = {
					1153599A25459F880075EB62 = {
						CreatedOnToolsVersion = 12.1;
					};
				};
			};
			buildConfigurationList = 1153599625459F880075EB62 /* Build configuration list for PBXProject "SwipeMatch" */;
			compatibilityVersion = "Xcode 9.3";
			developmentRegion = en;
			hasScannedForEncodings = 0;
			knownRegions = (
				en,
				Base,
			);
			mainGroup = 1153599225459F880075EB62;
			productRefGroup = 1153599C25459F880075EB62 /* Products */;
			projectDirPath = "";
			projectRoot = "";
			targets = (
				1153599A25459F880075EB62 /* SwipeMatch */,
			);
		};
/* End PBXProject section */

/* Begin PBXResourcesBuildPhase section */
		1153599925459F880075EB62 /* Resources */ = {
			isa = PBXResourcesBuildPhase;
			buildActionMask = 2147483647;
			files = (
				115359AB25459F8A0075EB62 /* LaunchScreen.storyboard in Resources */,
				115359A825459F8A0075EB62 /* Assets.xcassets in Resources */,
				115359A625459F880075EB62 /* Main.storyboard in Resources */,
			);
			runOnlyForDeploymentPostprocessing = 0;
		};
/* End PBXResourcesBuildPhase section */

/* Begin PBXSourcesBuildPhase section */
		1153599725459F880075EB62 /* Sources */ = {
			isa = PBXSourcesBuildPhase;
			buildActionMask = 2147483647;
			files = (
				115359BD2545AB8E0075EB62 /* Extensions+UIView.swift in Sources */,
				115359C32545ADD90075EB62 /* HomeBottomControlsStackView.swift in Sources */,
				115359C82545B2620075EB62 /* TopNavigationStackView.swift in Sources */,
				115359B82545A2D80075EB62 /* Firebase+Utils.swift in Sources */,
				115359A325459F880075EB62 /* ViewController.swift in Sources */,
				1153599F25459F880075EB62 /* AppDelegate.swift in Sources */,
				115359CC2545BCCF0075EB62 /* CardView.swift in Sources */,
				115359A125459F880075EB62 /* SceneDelegate.swift in Sources */,
			);
			runOnlyForDeploymentPostprocessing = 0;
		};
/* End PBXSourcesBuildPhase section */

/* Begin PBXVariantGroup section */
		115359A425459F880075EB62 /* Main.storyboard */ = {
			isa = PBXVariantGroup;
			children = (
				115359A525459F880075EB62 /* Base */,
			);
			name = Main.storyboard;
			sourceTree = "<group>";
		};
		115359A925459F8A0075EB62 /* LaunchScreen.storyboard */ = {
			isa = PBXVariantGroup;
			children = (
				115359AA25459F8A0075EB62 /* Base */,
			);
			name = LaunchScreen.storyboard;
			sourceTree = "<group>";
		};
/* End PBXVariantGroup section */

/* Begin XCBuildConfiguration section */
		115359AD25459F8A0075EB62 /* Debug */ = {
			isa = XCBuildConfiguration;
			buildSettings = {
				ALWAYS_SEARCH_USER_PATHS = NO;
				CLANG_ANALYZER_NONNULL = YES;
				CLANG_ANALYZER_NUMBER_OBJECT_CONVERSION = YES_AGGRESSIVE;
				CLANG_CXX_LANGUAGE_STANDARD = "gnu++14";
				CLANG_CXX_LIBRARY = "libc++";
				CLANG_ENABLE_MODULES = YES;
				CLANG_ENABLE_OBJC_ARC = YES;
				CLANG_ENABLE_OBJC_WEAK = YES;
				CLANG_WARN_BLOCK_CAPTURE_AUTORELEASING = YES;
				CLANG_WARN_BOOL_CONVERSION = YES;
				CLANG_WARN_COMMA = YES;
				CLANG_WARN_CONSTANT_CONVERSION = YES;
				CLANG_WARN_DEPRECATED_OBJC_IMPLEMENTATIONS = YES;
				CLANG_WARN_DIRECT_OBJC_ISA_USAGE = YES_ERROR;
				CLANG_WARN_DOCUMENTATION_COMMENTS = YES;
				CLANG_WARN_EMPTY_BODY = YES;
				CLANG_WARN_ENUM_CONVERSION = YES;
				CLANG_WARN_INFINITE_RECURSION = YES;
				CLANG_WARN_INT_CONVERSION = YES;
				CLANG_WARN_NON_LITERAL_NULL_CONVERSION = YES;
				CLANG_WARN_OBJC_IMPLICIT_RETAIN_SELF = YES;
				CLANG_WARN_OBJC_LITERAL_CONVERSION = YES;
				CLANG_WARN_OBJC_ROOT_CLASS = YES_ERROR;
				CLANG_WARN_QUOTED_INCLUDE_IN_FRAMEWORK_HEADER = YES;
				CLANG_WARN_RANGE_LOOP_ANALYSIS = YES;
				CLANG_WARN_STRICT_PROTOTYPES = YES;
				CLANG_WARN_SUSPICIOUS_MOVE = YES;
				CLANG_WARN_UNGUARDED_AVAILABILITY = YES_AGGRESSIVE;
				CLANG_WARN_UNREACHABLE_CODE = YES;
				CLANG_WARN__DUPLICATE_METHOD_MATCH = YES;
				COPY_PHASE_STRIP = NO;
				DEBUG_INFORMATION_FORMAT = dwarf;
				ENABLE_STRICT_OBJC_MSGSEND = YES;
				ENABLE_TESTABILITY = YES;
				GCC_C_LANGUAGE_STANDARD = gnu11;
				GCC_DYNAMIC_NO_PIC = NO;
				GCC_NO_COMMON_BLOCKS = YES;
				GCC_OPTIMIZATION_LEVEL = 0;
				GCC_PREPROCESSOR_DEFINITIONS = (
					"DEBUG=1",
					"$(inherited)",
				);
				GCC_WARN_64_TO_32_BIT_CONVERSION = YES;
				GCC_WARN_ABOUT_RETURN_TYPE = YES_ERROR;
				GCC_WARN_UNDECLARED_SELECTOR = YES;
				GCC_WARN_UNINITIALIZED_AUTOS = YES_AGGRESSIVE;
				GCC_WARN_UNUSED_FUNCTION = YES;
				GCC_WARN_UNUSED_VARIABLE = YES;
				IPHONEOS_DEPLOYMENT_TARGET = 14.1;
				MTL_ENABLE_DEBUG_INFO = INCLUDE_SOURCE;
				MTL_FAST_MATH = YES;
				ONLY_ACTIVE_ARCH = YES;
				SDKROOT = iphoneos;
				SWIFT_ACTIVE_COMPILATION_CONDITIONS = DEBUG;
				SWIFT_OPTIMIZATION_LEVEL = "-Onone";
			};
			name = Debug;
		};
		115359AE25459F8A0075EB62 /* Release */ = {
			isa = XCBuildConfiguration;
			buildSettings = {
				ALWAYS_SEARCH_USER_PATHS = NO;
				CLANG_ANALYZER_NONNULL = YES;
				CLANG_ANALYZER_NUMBER_OBJECT_CONVERSION = YES_AGGRESSIVE;
				CLANG_CXX_LANGUAGE_STANDARD = "gnu++14";
				CLANG_CXX_LIBRARY = "libc++";
				CLANG_ENABLE_MODULES = YES;
				CLANG_ENABLE_OBJC_ARC = YES;
				CLANG_ENABLE_OBJC_WEAK = YES;
				CLANG_WARN_BLOCK_CAPTURE_AUTORELEASING = YES;
				CLANG_WARN_BOOL_CONVERSION = YES;
				CLANG_WARN_COMMA = YES;
				CLANG_WARN_CONSTANT_CONVERSION = YES;
				CLANG_WARN_DEPRECATED_OBJC_IMPLEMENTATIONS = YES;
				CLANG_WARN_DIRECT_OBJC_ISA_USAGE = YES_ERROR;
				CLANG_WARN_DOCUMENTATION_COMMENTS = YES;
				CLANG_WARN_EMPTY_BODY = YES;
				CLANG_WARN_ENUM_CONVERSION = YES;
				CLANG_WARN_INFINITE_RECURSION = YES;
				CLANG_WARN_INT_CONVERSION = YES;
				CLANG_WARN_NON_LITERAL_NULL_CONVERSION = YES;
				CLANG_WARN_OBJC_IMPLICIT_RETAIN_SELF = YES;
				CLANG_WARN_OBJC_LITERAL_CONVERSION = YES;
				CLANG_WARN_OBJC_ROOT_CLASS = YES_ERROR;
				CLANG_WARN_QUOTED_INCLUDE_IN_FRAMEWORK_HEADER = YES;
				CLANG_WARN_RANGE_LOOP_ANALYSIS = YES;
				CLANG_WARN_STRICT_PROTOTYPES = YES;
				CLANG_WARN_SUSPICIOUS_MOVE = YES;
				CLANG_WARN_UNGUARDED_AVAILABILITY = YES_AGGRESSIVE;
				CLANG_WARN_UNREACHABLE_CODE = YES;
				CLANG_WARN__DUPLICATE_METHOD_MATCH = YES;
				COPY_PHASE_STRIP = NO;
				DEBUG_INFORMATION_FORMAT = "dwarf-with-dsym";
				ENABLE_NS_ASSERTIONS = NO;
				ENABLE_STRICT_OBJC_MSGSEND = YES;
				GCC_C_LANGUAGE_STANDARD = gnu11;
				GCC_NO_COMMON_BLOCKS = YES;
				GCC_WARN_64_TO_32_BIT_CONVERSION = YES;
				GCC_WARN_ABOUT_RETURN_TYPE = YES_ERROR;
				GCC_WARN_UNDECLARED_SELECTOR = YES;
				GCC_WARN_UNINITIALIZED_AUTOS = YES_AGGRESSIVE;
				GCC_WARN_UNUSED_FUNCTION = YES;
				GCC_WARN_UNUSED_VARIABLE = YES;
				IPHONEOS_DEPLOYMENT_TARGET = 14.1;
				MTL_ENABLE_DEBUG_INFO = NO;
				MTL_FAST_MATH = YES;
				SDKROOT = iphoneos;
				SWIFT_COMPILATION_MODE = wholemodule;
				SWIFT_OPTIMIZATION_LEVEL = "-O";
				VALIDATE_PRODUCT = YES;
			};
			name = Release;
		};
		115359B025459F8A0075EB62 /* Debug */ = {
			isa = XCBuildConfiguration;
			buildSettings = {
				ASSETCATALOG_COMPILER_APPICON_NAME = AppIcon;
				ASSETCATALOG_COMPILER_GLOBAL_ACCENT_COLOR_NAME = AccentColor;
				CODE_SIGN_STYLE = Automatic;
				DEVELOPMENT_TEAM = MQG28G6TA5;
				INFOPLIST_FILE = SwipeMatch/Info.plist;
				IPHONEOS_DEPLOYMENT_TARGET = 13.0;
				LD_RUNPATH_SEARCH_PATHS = (
					"$(inherited)",
					"@executable_path/Frameworks",
				);
				PRODUCT_BUNDLE_IDENTIFIER = com.bannokot.SwipeMatch;
				PRODUCT_NAME = "$(TARGET_NAME)";
				SWIFT_VERSION = 5.0;
				TARGETED_DEVICE_FAMILY = 1;
			};
			name = Debug;
		};
		115359B125459F8A0075EB62 /* Release */ = {
			isa = XCBuildConfiguration;
			buildSettings = {
				ASSETCATALOG_COMPILER_APPICON_NAME = AppIcon;
				ASSETCATALOG_COMPILER_GLOBAL_ACCENT_COLOR_NAME = AccentColor;
				CODE_SIGN_STYLE = Automatic;
				DEVELOPMENT_TEAM = MQG28G6TA5;
				INFOPLIST_FILE = SwipeMatch/Info.plist;
				IPHONEOS_DEPLOYMENT_TARGET = 13.0;
				LD_RUNPATH_SEARCH_PATHS = (
					"$(inherited)",
					"@executable_path/Frameworks",
				);
				PRODUCT_BUNDLE_IDENTIFIER = com.bannokot.SwipeMatch;
				PRODUCT_NAME = "$(TARGET_NAME)";
				SWIFT_VERSION = 5.0;
				TARGETED_DEVICE_FAMILY = 1;
			};
			name = Release;
		};
/* End XCBuildConfiguration section */

/* Begin XCConfigurationList section */
		1153599625459F880075EB62 /* Build configuration list for PBXProject "SwipeMatch" */ = {
			isa = XCConfigurationList;
			buildConfigurations = (
				115359AD25459F8A0075EB62 /* Debug */,
				115359AE25459F8A0075EB62 /* Release */,
			);
			defaultConfigurationIsVisible = 0;
			defaultConfigurationName = Release;
		};
		115359AF25459F8A0075EB62 /* Build configuration list for PBXNativeTarget "SwipeMatch" */ = {
			isa = XCConfigurationList;
			buildConfigurations = (
				115359B025459F8A0075EB62 /* Debug */,
				115359B125459F8A0075EB62 /* Release */,
			);
			defaultConfigurationIsVisible = 0;
			defaultConfigurationName = Release;
		};
/* End XCConfigurationList section */
	};
	rootObject = 1153599325459F880075EB62 /* Project object */;
}
